
Microsoft Visual Studio Solution File, Format Version 12.00
# Visual Studio 15
VisualStudioVersion = 15.0.28010.2046
MinimumVisualStudioVersion = 10.0.40219.1
Project("{FAE04EC0-301F-11D3-BF4B-00C04F79EFBC}") = "QuizTst", "QuizTst\QuizTst.csproj", "{D576EC65-0811-4069-858A-705667556624}"
EndProject
Project("{FAE04EC0-301F-11D3-BF4B-00C04F79EFBC}") = "QuizTst.Core", "QuizTst.Core\QuizTst.Core.csproj", "{1025AC2A-21FD-4772-9B3D-1CCE6D120449}"
EndProject
Global
	GlobalSection(SolutionConfigurationPlatforms) = preSolution
		Debug|Any CPU = Debug|Any CPU
		Release|Any CPU = Release|Any CPU
	EndGlobalSection
	GlobalSection(ProjectConfigurationPlatforms) = postSolution
		{D576EC65-0811-4069-858A-705667556624}.Debug|Any CPU.ActiveCfg = Debug|Any CPU
		{D576EC65-0811-4069-858A-705667556624}.Debug|Any CPU.Build.0 = Debug|Any CPU
		{D576EC65-0811-4069-858A-705667556624}.Release|Any CPU.ActiveCfg = Release|Any CPU
		{D576EC65-0811-4069-858A-705667556624}.Release|Any CPU.Build.0 = Release|Any CPU
		{1025AC2A-21FD-4772-9B3D-1CCE6D120449}.Debug|Any CPU.ActiveCfg = Debug|Any CPU
		{1025AC2A-21FD-4772-9B3D-1CCE6D120449}.Debug|Any CPU.Build.0 = Debug|Any CPU
		{1025AC2A-21FD-4772-9B3D-1CCE6D120449}.Release|Any CPU.ActiveCfg = Release|Any CPU
		{1025AC2A-21FD-4772-9B3D-1CCE6D120449}.Release|Any CPU.Build.0 = Release|Any CPU
	EndGlobalSection
	GlobalSection(SolutionProperties) = preSolution
		HideSolutionNode = FALSE
	EndGlobalSection
	GlobalSection(ExtensibilityGlobals) = postSolution
		SolutionGuid = {3514986E-BAD8-440A-9CFD-092263A3846C}
	EndGlobalSection
EndGlobal
